
Microsoft Visual Studio Solution File, Format Version 12.00
# Visual Studio Version 17
VisualStudioVersion = 17.4.33110.190
MinimumVisualStudioVersion = 10.0.40219.1
Project("{FAE04EC0-301F-11D3-BF4B-00C04F79EFBC}") = "exercici02-01", "exercici02-01.csproj", "{6A5FDE93-68DD-4C53-8CE3-87E4DE6CE828}"
EndProject
Global
	GlobalSection(SolutionConfigurationPlatforms) = preSolution
		Debug|Any CPU = Debug|Any CPU
		Release|Any CPU = Release|Any CPU
	EndGlobalSection
	GlobalSection(ProjectConfigurationPlatforms) = postSolution
		{6A5FDE93-68DD-4C53-8CE3-87E4DE6CE828}.Debug|Any CPU.ActiveCfg = Debug|Any CPU
		{6A5FDE93-68DD-4C53-8CE3-87E4DE6CE828}.Debug|Any CPU.Build.0 = Debug|Any CPU
		{6A5FDE93-68DD-4C53-8CE3-87E4DE6CE828}.Release|Any CPU.ActiveCfg = Release|Any CPU
		{6A5FDE93-68DD-4C53-8CE3-87E4DE6CE828}.Release|Any CPU.Build.0 = Release|Any CPU
	EndGlobalSection
	GlobalSection(SolutionProperties) = preSolution
		HideSolutionNode = FALSE
	EndGlobalSection
	GlobalSection(ExtensibilityGlobals) = postSolution
		SolutionGuid = {13AE1EC4-A1A4-469B-B056-B341C40F8693}
	EndGlobalSection
EndGlobal
